// !$*UTF8*$!
{
	archiveVersion = 1;
	classes = {
	};
	objectVersion = 50;
	objects = {

/* Begin PBXBuildFile section */
		C4B166B824707B81005CEC63 /* AppDelegate.swift in Sources */ = {isa = PBXBuildFile; fileRef = C4B166B724707B81005CEC63 /* AppDelegate.swift */; };
		C4B166BA24707B81005CEC63 /* SceneDelegate.swift in Sources */ = {isa = PBXBuildFile; fileRef = C4B166B924707B81005CEC63 /* SceneDelegate.swift */; };
		C4B166BC24707B81005CEC63 /* ViewController.swift in Sources */ = {isa = PBXBuildFile; fileRef = C4B166BB24707B81005CEC63 /* ViewController.swift */; };
		C4B166BF24707B81005CEC63 /* Main.storyboard in Resources */ = {isa = PBXBuildFile; fileRef = C4B166BD24707B81005CEC63 /* Main.storyboard */; };
		C4B166C124707B88005CEC63 /* Assets.xcassets in Resources */ = {isa = PBXBuildFile; fileRef = C4B166C024707B88005CEC63 /* Assets.xcassets */; };
		C4B166C424707B88005CEC63 /* LaunchScreen.storyboard in Resources */ = {isa = PBXBuildFile; fileRef = C4B166C224707B88005CEC63 /* LaunchScreen.storyboard */; };
		C4B166CD24707F84005CEC63 /* UIView+Layout.swift in Sources */ = {isa = PBXBuildFile; fileRef = C4B166CC24707F84005CEC63 /* UIView+Layout.swift */; };
		C4B166CF2470813D005CEC63 /* MainCollectionViewController.swift in Sources */ = {isa = PBXBuildFile; fileRef = C4B166CE2470813D005CEC63 /* MainCollectionViewController.swift */; };
		C4B166D12470818A005CEC63 /* MemoryCell.swift in Sources */ = {isa = PBXBuildFile; fileRef = C4B166D02470818A005CEC63 /* MemoryCell.swift */; };
		C4B166D32477EF35005CEC63 /* AlertService.swift in Sources */ = {isa = PBXBuildFile; fileRef = C4B166D22477EF35005CEC63 /* AlertService.swift */; };
/* End PBXBuildFile section */

/* Begin PBXFileReference section */
		C4B166B424707B81005CEC63 /* HappyDays.app */ = {isa = PBXFileReference; explicitFileType = wrapper.application; includeInIndex = 0; path = HappyDays.app; sourceTree = BUILT_PRODUCTS_DIR; };
		C4B166B724707B81005CEC63 /* AppDelegate.swift */ = {isa = PBXFileReference; lastKnownFileType = sourcecode.swift; path = AppDelegate.swift; sourceTree = "<group>"; };
		C4B166B924707B81005CEC63 /* SceneDelegate.swift */ = {isa = PBXFileReference; lastKnownFileType = sourcecode.swift; path = SceneDelegate.swift; sourceTree = "<group>"; };
		C4B166BB24707B81005CEC63 /* ViewController.swift */ = {isa = PBXFileReference; lastKnownFileType = sourcecode.swift; path = ViewController.swift; sourceTree = "<group>"; };
		C4B166BE24707B81005CEC63 /* Base */ = {isa = PBXFileReference; lastKnownFileType = file.storyboard; name = Base; path = Base.lproj/Main.storyboard; sourceTree = "<group>"; };
		C4B166C024707B88005CEC63 /* Assets.xcassets */ = {isa = PBXFileReference; lastKnownFileType = folder.assetcatalog; path = Assets.xcassets; sourceTree = "<group>"; };
		C4B166C324707B88005CEC63 /* Base */ = {isa = PBXFileReference; lastKnownFileType = file.storyboard; name = Base; path = Base.lproj/LaunchScreen.storyboard; sourceTree = "<group>"; };
		C4B166C524707B88005CEC63 /* Info.plist */ = {isa = PBXFileReference; lastKnownFileType = text.plist.xml; path = Info.plist; sourceTree = "<group>"; };
		C4B166CC24707F84005CEC63 /* UIView+Layout.swift */ = {isa = PBXFileReference; lastKnownFileType = sourcecode.swift; path = "UIView+Layout.swift"; sourceTree = "<group>"; };
		C4B166CE2470813D005CEC63 /* MainCollectionViewController.swift */ = {isa = PBXFileReference; lastKnownFileType = sourcecode.swift; path = MainCollectionViewController.swift; sourceTree = "<group>"; };
		C4B166D02470818A005CEC63 /* MemoryCell.swift */ = {isa = PBXFileReference; lastKnownFileType = sourcecode.swift; path = MemoryCell.swift; sourceTree = "<group>"; };
		C4B166D22477EF35005CEC63 /* AlertService.swift */ = {isa = PBXFileReference; lastKnownFileType = sourcecode.swift; path = AlertService.swift; sourceTree = "<group>"; };
/* End PBXFileReference section */

/* Begin PBXFrameworksBuildPhase section */
		C4B166B124707B81005CEC63 /* Frameworks */ = {
			isa = PBXFrameworksBuildPhase;
			buildActionMask = 2147483647;
			files = (
			);
			runOnlyForDeploymentPostprocessing = 0;
		};
/* End PBXFrameworksBuildPhase section */

/* Begin PBXGroup section */
		C4B166AB24707B81005CEC63 = {
			isa = PBXGroup;
			children = (
				C4B166B624707B81005CEC63 /* HappyDays */,
				C4B166B524707B81005CEC63 /* Products */,
			);
			sourceTree = "<group>";
		};
		C4B166B524707B81005CEC63 /* Products */ = {
			isa = PBXGroup;
			children = (
				C4B166B424707B81005CEC63 /* HappyDays.app */,
			);
			name = Products;
			sourceTree = "<group>";
		};
		C4B166B624707B81005CEC63 /* HappyDays */ = {
			isa = PBXGroup;
			children = (
				C4B166CB24707F57005CEC63 /* Helper */,
				C4B166B724707B81005CEC63 /* AppDelegate.swift */,
				C4B166B924707B81005CEC63 /* SceneDelegate.swift */,
				C4B166BB24707B81005CEC63 /* ViewController.swift */,
				C4B166CE2470813D005CEC63 /* MainCollectionViewController.swift */,
				C4B166D02470818A005CEC63 /* MemoryCell.swift */,
				C4B166BD24707B81005CEC63 /* Main.storyboard */,
				C4B166C024707B88005CEC63 /* Assets.xcassets */,
				C4B166C224707B88005CEC63 /* LaunchScreen.storyboard */,
				C4B166C524707B88005CEC63 /* Info.plist */,
			);
			path = HappyDays;
			sourceTree = "<group>";
		};
		C4B166CB24707F57005CEC63 /* Helper */ = {
			isa = PBXGroup;
			children = (
				C4B166CC24707F84005CEC63 /* UIView+Layout.swift */,
				C4B166D22477EF35005CEC63 /* AlertService.swift */,
			);
			path = Helper;
			sourceTree = "<group>";
		};
/* End PBXGroup section */

/* Begin PBXNativeTarget section */
		C4B166B324707B81005CEC63 /* HappyDays */ = {
			isa = PBXNativeTarget;
			buildConfigurationList = C4B166C824707B88005CEC63 /* Build configuration list for PBXNativeTarget "HappyDays" */;
			buildPhases = (
				C4B166B024707B81005CEC63 /* Sources */,
				C4B166B124707B81005CEC63 /* Frameworks */,
				C4B166B224707B81005CEC63 /* Resources */,
			);
			buildRules = (
			);
			dependencies = (
			);
			name = HappyDays;
			productName = HappyDays;
			productReference = C4B166B424707B81005CEC63 /* HappyDays.app */;
			productType = "com.apple.product-type.application";
		};
/* End PBXNativeTarget section */

/* Begin PBXProject section */
		C4B166AC24707B81005CEC63 /* Project object */ = {
			isa = PBXProject;
			attributes = {
				LastSwiftUpdateCheck = 1140;
				LastUpgradeCheck = 1140;
				ORGANIZATIONNAME = "Lasse Silkoset";
				TargetAttributes = {
					C4B166B324707B81005CEC63 = {
						CreatedOnToolsVersion = 11.4.1;
					};
				};
			};
			buildConfigurationList = C4B166AF24707B81005CEC63 /* Build configuration list for PBXProject "HappyDays" */;
			compatibilityVersion = "Xcode 9.3";
			developmentRegion = en;
			hasScannedForEncodings = 0;
			knownRegions = (
				en,
				Base,
			);
			mainGroup = C4B166AB24707B81005CEC63;
			productRefGroup = C4B166B524707B81005CEC63 /* Products */;
			projectDirPath = "";
			projectRoot = "";
			targets = (
				C4B166B324707B81005CEC63 /* HappyDays */,
			);
		};
/* End PBXProject section */

/* Begin PBXResourcesBuildPhase section */
		C4B166B224707B81005CEC63 /* Resources */ = {
			isa = PBXResourcesBuildPhase;
			buildActionMask = 2147483647;
			files = (
				C4B166C424707B88005CEC63 /* LaunchScreen.storyboard in Resources */,
				C4B166C124707B88005CEC63 /* Assets.xcassets in Resources */,
				C4B166BF24707B81005CEC63 /* Main.storyboard in Resources */,
			);
			runOnlyForDeploymentPostprocessing = 0;
		};
/* End PBXResourcesBuildPhase section */

/* Begin PBXSourcesBuildPhase section */
		C4B166B024707B81005CEC63 /* Sources */ = {
			isa = PBXSourcesBuildPhase;
			buildActionMask = 2147483647;
			files = (
				C4B166CD24707F84005CEC63 /* UIView+Layout.swift in Sources */,
				C4B166CF2470813D005CEC63 /* MainCollectionViewController.swift in Sources */,
				C4B166D32477EF35005CEC63 /* AlertService.swift in Sources */,
				C4B166BC24707B81005CEC63 /* ViewController.swift in Sources */,
				C4B166B824707B81005CEC63 /* AppDelegate.swift in Sources */,
				C4B166D12470818A005CEC63 /* MemoryCell.swift in Sources */,
				C4B166BA24707B81005CEC63 /* SceneDelegate.swift in Sources */,
			);
			runOnlyForDeploymentPostprocessing = 0;
		};
/* End PBXSourcesBuildPhase section */

/* Begin PBXVariantGroup section */
		C4B166BD24707B81005CEC63 /* Main.storyboard */ = {
			isa = PBXVariantGroup;
			children = (
				C4B166BE24707B81005CEC63 /* Base */,
			);
			name = Main.storyboard;
			sourceTree = "<group>";
		};
		C4B166C224707B88005CEC63 /* LaunchScreen.storyboard */ = {
			isa = PBXVariantGroup;
			children = (
				C4B166C324707B88005CEC63 /* Base */,
			);
			name = LaunchScreen.storyboard;
			sourceTree = "<group>";
		};
/* End PBXVariantGroup section */

/* Begin XCBuildConfiguration section */
		C4B166C624707B88005CEC63 /* Debug */ = {
			isa = XCBuildConfiguration;
			buildSettings = {
				ALWAYS_SEARCH_USER_PATHS = NO;
				CLANG_ANALYZER_NONNULL = YES;
				CLANG_ANALYZER_NUMBER_OBJECT_CONVERSION = YES_AGGRESSIVE;
				CLANG_CXX_LANGUAGE_STANDARD = "gnu++14";
				CLANG_CXX_LIBRARY = "libc++";
				CLANG_ENABLE_MODULES = YES;
				CLANG_ENABLE_OBJC_ARC = YES;
				CLANG_ENABLE_OBJC_WEAK = YES;
				CLANG_WARN_BLOCK_CAPTURE_AUTORELEASING = YES;
				CLANG_WARN_BOOL_CONVERSION = YES;
				CLANG_WARN_COMMA = YES;
				CLANG_WARN_CONSTANT_CONVERSION = YES;
				CLANG_WARN_DEPRECATED_OBJC_IMPLEMENTATIONS = YES;
				CLANG_WARN_DIRECT_OBJC_ISA_USAGE = YES_ERROR;
				CLANG_WARN_DOCUMENTATION_COMMENTS = YES;
				CLANG_WARN_EMPTY_BODY = YES;
				CLANG_WARN_ENUM_CONVERSION = YES;
				CLANG_WARN_INFINITE_RECURSION = YES;
				CLANG_WARN_INT_CONVERSION = YES;
				CLANG_WARN_NON_LITERAL_NULL_CONVERSION = YES;
				CLANG_WARN_OBJC_IMPLICIT_RETAIN_SELF = YES;
				CLANG_WARN_OBJC_LITERAL_CONVERSION = YES;
				CLANG_WARN_OBJC_ROOT_CLASS = YES_ERROR;
				CLANG_WARN_RANGE_LOOP_ANALYSIS = YES;
				CLANG_WARN_STRICT_PROTOTYPES = YES;
				CLANG_WARN_SUSPICIOUS_MOVE = YES;
				CLANG_WARN_UNGUARDED_AVAILABILITY = YES_AGGRESSIVE;
				CLANG_WARN_UNREACHABLE_CODE = YES;
				CLANG_WARN__DUPLICATE_METHOD_MATCH = YES;
				COPY_PHASE_STRIP = NO;
				DEBUG_INFORMATION_FORMAT = dwarf;
				ENABLE_STRICT_OBJC_MSGSEND = YES;
				ENABLE_TESTABILITY = YES;
				GCC_C_LANGUAGE_STANDARD = gnu11;
				GCC_DYNAMIC_NO_PIC = NO;
				GCC_NO_COMMON_BLOCKS = YES;
				GCC_OPTIMIZATION_LEVEL = 0;
				GCC_PREPROCESSOR_DEFINITIONS = (
					"DEBUG=1",
					"$(inherited)",
				);
				GCC_WARN_64_TO_32_BIT_CONVERSION = YES;
				GCC_WARN_ABOUT_RETURN_TYPE = YES_ERROR;
				GCC_WARN_UNDECLARED_SELECTOR = YES;
				GCC_WARN_UNINITIALIZED_AUTOS = YES_AGGRESSIVE;
				GCC_WARN_UNUSED_FUNCTION = YES;
				GCC_WARN_UNUSED_VARIABLE = YES;
				IPHONEOS_DEPLOYMENT_TARGET = 13.4;
				MTL_ENABLE_DEBUG_INFO = INCLUDE_SOURCE;
				MTL_FAST_MATH = YES;
				ONLY_ACTIVE_ARCH = YES;
				SDKROOT = iphoneos;
				SWIFT_ACTIVE_COMPILATION_CONDITIONS = DEBUG;
				SWIFT_OPTIMIZATION_LEVEL = "-Onone";
			};
			name = Debug;
		};
		C4B166C724707B88005CEC63 /* Release */ = {
			isa = XCBuildConfiguration;
			buildSettings = {
				ALWAYS_SEARCH_USER_PATHS = NO;
				CLANG_ANALYZER_NONNULL = YES;
				CLANG_ANALYZER_NUMBER_OBJECT_CONVERSION = YES_AGGRESSIVE;
				CLANG_CXX_LANGUAGE_STANDARD = "gnu++14";
				CLANG_CXX_LIBRARY = "libc++";
				CLANG_ENABLE_MODULES = YES;
				CLANG_ENABLE_OBJC_ARC = YES;
				CLANG_ENABLE_OBJC_WEAK = YES;
				CLANG_WARN_BLOCK_CAPTURE_AUTORELEASING = YES;
				CLANG_WARN_BOOL_CONVERSION = YES;
				CLANG_WARN_COMMA = YES;
				CLANG_WARN_CONSTANT_CONVERSION = YES;
				CLANG_WARN_DEPRECATED_OBJC_IMPLEMENTATIONS = YES;
				CLANG_WARN_DIRECT_OBJC_ISA_USAGE = YES_ERROR;
				CLANG_WARN_DOCUMENTATION_COMMENTS = YES;
				CLANG_WARN_EMPTY_BODY = YES;
				CLANG_WARN_ENUM_CONVERSION = YES;
				CLANG_WARN_INFINITE_RECURSION = YES;
				CLANG_WARN_INT_CONVERSION = YES;
				CLANG_WARN_NON_LITERAL_NULL_CONVERSION = YES;
				CLANG_WARN_OBJC_IMPLICIT_RETAIN_SELF = YES;
				CLANG_WARN_OBJC_LITERAL_CONVERSION = YES;
				CLANG_WARN_OBJC_ROOT_CLASS = YES_ERROR;
				CLANG_WARN_RANGE_LOOP_ANALYSIS = YES;
				CLANG_WARN_STRICT_PROTOTYPES = YES;
				CLANG_WARN_SUSPICIOUS_MOVE = YES;
				CLANG_WARN_UNGUARDED_AVAILABILITY = YES_AGGRESSIVE;
				CLANG_WARN_UNREACHABLE_CODE = YES;
				CLANG_WARN__DUPLICATE_METHOD_MATCH = YES;
				COPY_PHASE_STRIP = NO;
				DEBUG_INFORMATION_FORMAT = "dwarf-with-dsym";
				ENABLE_NS_ASSERTIONS = NO;
				ENABLE_STRICT_OBJC_MSGSEND = YES;
				GCC_C_LANGUAGE_STANDARD = gnu11;
				GCC_NO_COMMON_BLOCKS = YES;
				GCC_WARN_64_TO_32_BIT_CONVERSION = YES;
				GCC_WARN_ABOUT_RETURN_TYPE = YES_ERROR;
				GCC_WARN_UNDECLARED_SELECTOR = YES;
				GCC_WARN_UNINITIALIZED_AUTOS = YES_AGGRESSIVE;
				GCC_WARN_UNUSED_FUNCTION = YES;
				GCC_WARN_UNUSED_VARIABLE = YES;
				IPHONEOS_DEPLOYMENT_TARGET = 13.4;
				MTL_ENABLE_DEBUG_INFO = NO;
				MTL_FAST_MATH = YES;
				SDKROOT = iphoneos;
				SWIFT_COMPILATION_MODE = wholemodule;
				SWIFT_OPTIMIZATION_LEVEL = "-O";
				VALIDATE_PRODUCT = YES;
			};
			name = Release;
		};
		C4B166C924707B88005CEC63 /* Debug */ = {
			isa = XCBuildConfiguration;
			buildSettings = {
				ASSETCATALOG_COMPILER_APPICON_NAME = AppIcon;
				CODE_SIGN_STYLE = Automatic;
				DEVELOPMENT_TEAM = 6PPL8837AU;
				INFOPLIST_FILE = HappyDays/Info.plist;
				IPHONEOS_DEPLOYMENT_TARGET = 13.1;
				LD_RUNPATH_SEARCH_PATHS = (
					"$(inherited)",
					"@executable_path/Frameworks",
				);
				PRODUCT_BUNDLE_IDENTIFIER = com.lassesilkoset.HappyDays;
				PRODUCT_NAME = "$(TARGET_NAME)";
				SWIFT_VERSION = 5.0;
				TARGETED_DEVICE_FAMILY = 1;
			};
			name = Debug;
		};
		C4B166CA24707B88005CEC63 /* Release */ = {
			isa = XCBuildConfiguration;
			buildSettings = {
				ASSETCATALOG_COMPILER_APPICON_NAME = AppIcon;
				CODE_SIGN_STYLE = Automatic;
				DEVELOPMENT_TEAM = 6PPL8837AU;
				INFOPLIST_FILE = HappyDays/Info.plist;
				IPHONEOS_DEPLOYMENT_TARGET = 13.1;
				LD_RUNPATH_SEARCH_PATHS = (
					"$(inherited)",
					"@executable_path/Frameworks",
				);
				PRODUCT_BUNDLE_IDENTIFIER = com.lassesilkoset.HappyDays;
				PRODUCT_NAME = "$(TARGET_NAME)";
				SWIFT_VERSION = 5.0;
				TARGETED_DEVICE_FAMILY = 1;
			};
			name = Release;
		};
/* End XCBuildConfiguration section */

/* Begin XCConfigurationList section */
		C4B166AF24707B81005CEC63 /* Build configuration list for PBXProject "HappyDays" */ = {
			isa = XCConfigurationList;
			buildConfigurations = (
				C4B166C624707B88005CEC63 /* Debug */,
				C4B166C724707B88005CEC63 /* Release */,
			);
			defaultConfigurationIsVisible = 0;
			defaultConfigurationName = Release;
		};
		C4B166C824707B88005CEC63 /* Build configuration list for PBXNativeTarget "HappyDays" */ = {
			isa = XCConfigurationList;
			buildConfigurations = (
				C4B166C924707B88005CEC63 /* Debug */,
				C4B166CA24707B88005CEC63 /* Release */,
			);
			defaultConfigurationIsVisible = 0;
			defaultConfigurationName = Release;
		};
/* End XCConfigurationList section */
	};
	rootObject = C4B166AC24707B81005CEC63 /* Project object */;
}
